
Microsoft Visual Studio Solution File, Format Version 12.00
# Visual Studio Version 16
VisualStudioVersion = 16.0.32510.428
MinimumVisualStudioVersion = 10.0.40219.1
Project("{FAE04EC0-301F-11D3-BF4B-00C04F79EFBC}") = "Day1", "Day1\Day1.csproj", "{110B1F23-7D04-439E-BEDA-E5CC1D00CB56}"
EndProject
Global
	GlobalSection(SolutionConfigurationPlatforms) = preSolution
		Debug|Any CPU = Debug|Any CPU
		Release|Any CPU = Release|Any CPU
	EndGlobalSection
	GlobalSection(ProjectConfigurationPlatforms) = postSolution
		{110B1F23-7D04-439E-BEDA-E5CC1D00CB56}.Debug|Any CPU.ActiveCfg = Debug|Any CPU
		{110B1F23-7D04-439E-BEDA-E5CC1D00CB56}.Debug|Any CPU.Build.0 = Debug|Any CPU
		{110B1F23-7D04-439E-BEDA-E5CC1D00CB56}.Release|Any CPU.ActiveCfg = Release|Any CPU
		{110B1F23-7D04-439E-BEDA-E5CC1D00CB56}.Release|Any CPU.Build.0 = Release|Any CPU
	EndGlobalSection
	GlobalSection(SolutionProperties) = preSolution
		HideSolutionNode = FALSE
	EndGlobalSection
	GlobalSection(ExtensibilityGlobals) = postSolution
		SolutionGuid = {9397BCC5-C683-47A5-A6B2-150F814F6714}
	EndGlobalSection
EndGlobal
