
Microsoft Visual Studio Solution File, Format Version 12.00
# Visual Studio Version 16
VisualStudioVersion = 16.0.32510.428
MinimumVisualStudioVersion = 10.0.40219.1
Project("{FAE04EC0-301F-11D3-BF4B-00C04F79EFBC}") = "Day2", "Day2\Day2.csproj", "{9EB9A098-413F-4FAE-8E9B-DF3045ED3C53}"
EndProject
Global
	GlobalSection(SolutionConfigurationPlatforms) = preSolution
		Debug|Any CPU = Debug|Any CPU
		Release|Any CPU = Release|Any CPU
	EndGlobalSection
	GlobalSection(ProjectConfigurationPlatforms) = postSolution
		{9EB9A098-413F-4FAE-8E9B-DF3045ED3C53}.Debug|Any CPU.ActiveCfg = Debug|Any CPU
		{9EB9A098-413F-4FAE-8E9B-DF3045ED3C53}.Debug|Any CPU.Build.0 = Debug|Any CPU
		{9EB9A098-413F-4FAE-8E9B-DF3045ED3C53}.Release|Any CPU.ActiveCfg = Release|Any CPU
		{9EB9A098-413F-4FAE-8E9B-DF3045ED3C53}.Release|Any CPU.Build.0 = Release|Any CPU
	EndGlobalSection
	GlobalSection(SolutionProperties) = preSolution
		HideSolutionNode = FALSE
	EndGlobalSection
	GlobalSection(ExtensibilityGlobals) = postSolution
		SolutionGuid = {395CD9A1-7794-4E60-920F-297F4562F34B}
	EndGlobalSection
EndGlobal
